
Microsoft Visual Studio Solution File, Format Version 12.00
# Visual Studio Version 16
VisualStudioVersion = 16.0.31129.286
MinimumVisualStudioVersion = 10.0.40219.1
Project("{FAE04EC0-301F-11D3-BF4B-00C04F79EFBC}") = "16.06.2021", "16.06.2021\16.06.2021.csproj", "{ED738E6F-8AC4-4E93-992B-E3C86CF1A529}"
EndProject
Project("{FAE04EC0-301F-11D3-BF4B-00C04F79EFBC}") = "ConsoleApp1", "ConsoleApp1\ConsoleApp1.csproj", "{F4C74C42-B171-4D97-8CF5-45C536A9D123}"
EndProject
Project("{FAE04EC0-301F-11D3-BF4B-00C04F79EFBC}") = "ConsoleApp2", "ConsoleApp2\ConsoleApp2.csproj", "{908EF454-0398-4E1C-90E6-78303960F0C9}"
EndProject
Project("{FAE04EC0-301F-11D3-BF4B-00C04F79EFBC}") = "ConsoleApp3", "ConsoleApp3\ConsoleApp3.csproj", "{213EE912-6702-42CF-A44D-09FF38F6FB1D}"
EndProject
Project("{FAE04EC0-301F-11D3-BF4B-00C04F79EFBC}") = "ConsoleApp4", "ConsoleApp4\ConsoleApp4.csproj", "{525804D6-CEBE-4EDD-B3FB-15A72D781BD9}"
EndProject
Project("{FAE04EC0-301F-11D3-BF4B-00C04F79EFBC}") = "ConsoleApp5", "ConsoleApp5\ConsoleApp5.csproj", "{15049816-ADCB-4F50-AEB7-8E0E296B4DB6}"
EndProject
Project("{FAE04EC0-301F-11D3-BF4B-00C04F79EFBC}") = "7", "7\7.csproj", "{C538EF9E-8B79-4772-8C36-9F86E7B7D747}"
EndProject
Project("{FAE04EC0-301F-11D3-BF4B-00C04F79EFBC}") = "ConsoleApp6", "ConsoleApp6\ConsoleApp6.csproj", "{59E1A60C-AAE5-4EA8-9862-DE8ACB2D1ECF}"
EndProject
Project("{FAE04EC0-301F-11D3-BF4B-00C04F79EFBC}") = "ConsoleApp7", "ConsoleApp7\ConsoleApp7.csproj", "{48796CC6-2D69-48B6-B69B-41FB69F16E3D}"
EndProject
Project("{FAE04EC0-301F-11D3-BF4B-00C04F79EFBC}") = "ConsoleApp8", "ConsoleApp8\ConsoleApp8.csproj", "{640058CF-7FF3-495B-A448-65CC0F6CE66E}"
EndProject
Project("{FAE04EC0-301F-11D3-BF4B-00C04F79EFBC}") = "ConsoleApp9", "ConsoleApp9\ConsoleApp9.csproj", "{4D5DBBBA-FCB6-4510-8C76-6ACE6BE43169}"
EndProject
Project("{FAE04EC0-301F-11D3-BF4B-00C04F79EFBC}") = "ConsoleApp10", "ConsoleApp10\ConsoleApp10.csproj", "{6A6E23A9-25D8-4314-B219-463D91A99003}"
EndProject
Project("{FAE04EC0-301F-11D3-BF4B-00C04F79EFBC}") = "ConsoleApp11", "ConsoleApp11\ConsoleApp11.csproj", "{59E679D1-5CBA-476A-BE7D-FDEA9AFE3564}"
EndProject
Project("{FAE04EC0-301F-11D3-BF4B-00C04F79EFBC}") = "ConsoleApp12", "ConsoleApp12\ConsoleApp12.csproj", "{B29A4961-AEA5-4999-B303-7757C46A385E}"
EndProject
Project("{FAE04EC0-301F-11D3-BF4B-00C04F79EFBC}") = "ConsoleApp13", "ConsoleApp13\ConsoleApp13.csproj", "{27E73E47-F08F-41EE-99AA-FA041A424FB2}"
EndProject
Project("{FAE04EC0-301F-11D3-BF4B-00C04F79EFBC}") = "ConsoleApp14", "ConsoleApp14\ConsoleApp14.csproj", "{FB6539EF-C78B-428D-8E75-7BF24ECA7141}"
EndProject
Project("{FAE04EC0-301F-11D3-BF4B-00C04F79EFBC}") = "ConsoleApp15", "ConsoleApp15\ConsoleApp15.csproj", "{E019EA52-1014-4018-87AA-8E9D2B98AB7F}"
EndProject
Project("{FAE04EC0-301F-11D3-BF4B-00C04F79EFBC}") = "ConsoleApp16", "ConsoleApp16\ConsoleApp16.csproj", "{DA7382F4-2F61-430C-AFC8-90D329C86342}"
EndProject
Global
	GlobalSection(SolutionConfigurationPlatforms) = preSolution
		Debug|Any CPU = Debug|Any CPU
		Release|Any CPU = Release|Any CPU
	EndGlobalSection
	GlobalSection(ProjectConfigurationPlatforms) = postSolution
		{ED738E6F-8AC4-4E93-992B-E3C86CF1A529}.Debug|Any CPU.ActiveCfg = Debug|Any CPU
		{ED738E6F-8AC4-4E93-992B-E3C86CF1A529}.Debug|Any CPU.Build.0 = Debug|Any CPU
		{ED738E6F-8AC4-4E93-992B-E3C86CF1A529}.Release|Any CPU.ActiveCfg = Release|Any CPU
		{ED738E6F-8AC4-4E93-992B-E3C86CF1A529}.Release|Any CPU.Build.0 = Release|Any CPU
		{F4C74C42-B171-4D97-8CF5-45C536A9D123}.Debug|Any CPU.ActiveCfg = Debug|Any CPU
		{F4C74C42-B171-4D97-8CF5-45C536A9D123}.Debug|Any CPU.Build.0 = Debug|Any CPU
		{F4C74C42-B171-4D97-8CF5-45C536A9D123}.Release|Any CPU.ActiveCfg = Release|Any CPU
		{F4C74C42-B171-4D97-8CF5-45C536A9D123}.Release|Any CPU.Build.0 = Release|Any CPU
		{908EF454-0398-4E1C-90E6-78303960F0C9}.Debug|Any CPU.ActiveCfg = Debug|Any CPU
		{908EF454-0398-4E1C-90E6-78303960F0C9}.Debug|Any CPU.Build.0 = Debug|Any CPU
		{908EF454-0398-4E1C-90E6-78303960F0C9}.Release|Any CPU.ActiveCfg = Release|Any CPU
		{908EF454-0398-4E1C-90E6-78303960F0C9}.Release|Any CPU.Build.0 = Release|Any CPU
		{213EE912-6702-42CF-A44D-09FF38F6FB1D}.Debug|Any CPU.ActiveCfg = Debug|Any CPU
		{213EE912-6702-42CF-A44D-09FF38F6FB1D}.Debug|Any CPU.Build.0 = Debug|Any CPU
		{213EE912-6702-42CF-A44D-09FF38F6FB1D}.Release|Any CPU.ActiveCfg = Release|Any CPU
		{213EE912-6702-42CF-A44D-09FF38F6FB1D}.Release|Any CPU.Build.0 = Release|Any CPU
		{525804D6-CEBE-4EDD-B3FB-15A72D781BD9}.Debug|Any CPU.ActiveCfg = Debug|Any CPU
		{525804D6-CEBE-4EDD-B3FB-15A72D781BD9}.Debug|Any CPU.Build.0 = Debug|Any CPU
		{525804D6-CEBE-4EDD-B3FB-15A72D781BD9}.Release|Any CPU.ActiveCfg = Release|Any CPU
		{525804D6-CEBE-4EDD-B3FB-15A72D781BD9}.Release|Any CPU.Build.0 = Release|Any CPU
		{15049816-ADCB-4F50-AEB7-8E0E296B4DB6}.Debug|Any CPU.ActiveCfg = Debug|Any CPU
		{15049816-ADCB-4F50-AEB7-8E0E296B4DB6}.Debug|Any CPU.Build.0 = Debug|Any CPU
		{15049816-ADCB-4F50-AEB7-8E0E296B4DB6}.Release|Any CPU.ActiveCfg = Release|Any CPU
		{15049816-ADCB-4F50-AEB7-8E0E296B4DB6}.Release|Any CPU.Build.0 = Release|Any CPU
		{C538EF9E-8B79-4772-8C36-9F86E7B7D747}.Debug|Any CPU.ActiveCfg = Debug|Any CPU
		{C538EF9E-8B79-4772-8C36-9F86E7B7D747}.Debug|Any CPU.Build.0 = Debug|Any CPU
		{C538EF9E-8B79-4772-8C36-9F86E7B7D747}.Release|Any CPU.ActiveCfg = Release|Any CPU
		{C538EF9E-8B79-4772-8C36-9F86E7B7D747}.Release|Any CPU.Build.0 = Release|Any CPU
		{59E1A60C-AAE5-4EA8-9862-DE8ACB2D1ECF}.Debug|Any CPU.ActiveCfg = Debug|Any CPU
		{59E1A60C-AAE5-4EA8-9862-DE8ACB2D1ECF}.Debug|Any CPU.Build.0 = Debug|Any CPU
		{59E1A60C-AAE5-4EA8-9862-DE8ACB2D1ECF}.Release|Any CPU.ActiveCfg = Release|Any CPU
		{59E1A60C-AAE5-4EA8-9862-DE8ACB2D1ECF}.Release|Any CPU.Build.0 = Release|Any CPU
		{48796CC6-2D69-48B6-B69B-41FB69F16E3D}.Debug|Any CPU.ActiveCfg = Debug|Any CPU
		{48796CC6-2D69-48B6-B69B-41FB69F16E3D}.Debug|Any CPU.Build.0 = Debug|Any CPU
		{48796CC6-2D69-48B6-B69B-41FB69F16E3D}.Release|Any CPU.ActiveCfg = Release|Any CPU
		{48796CC6-2D69-48B6-B69B-41FB69F16E3D}.Release|Any CPU.Build.0 = Release|Any CPU
		{640058CF-7FF3-495B-A448-65CC0F6CE66E}.Debug|Any CPU.ActiveCfg = Debug|Any CPU
		{640058CF-7FF3-495B-A448-65CC0F6CE66E}.Debug|Any CPU.Build.0 = Debug|Any CPU
		{640058CF-7FF3-495B-A448-65CC0F6CE66E}.Release|Any CPU.ActiveCfg = Release|Any CPU
		{640058CF-7FF3-495B-A448-65CC0F6CE66E}.Release|Any CPU.Build.0 = Release|Any CPU
		{4D5DBBBA-FCB6-4510-8C76-6ACE6BE43169}.Debug|Any CPU.ActiveCfg = Debug|Any CPU
		{4D5DBBBA-FCB6-4510-8C76-6ACE6BE43169}.Debug|Any CPU.Build.0 = Debug|Any CPU
		{4D5DBBBA-FCB6-4510-8C76-6ACE6BE43169}.Release|Any CPU.ActiveCfg = Release|Any CPU
		{4D5DBBBA-FCB6-4510-8C76-6ACE6BE43169}.Release|Any CPU.Build.0 = Release|Any CPU
		{6A6E23A9-25D8-4314-B219-463D91A99003}.Debug|Any CPU.ActiveCfg = Debug|Any CPU
		{6A6E23A9-25D8-4314-B219-463D91A99003}.Debug|Any CPU.Build.0 = Debug|Any CPU
		{6A6E23A9-25D8-4314-B219-463D91A99003}.Release|Any CPU.ActiveCfg = Release|Any CPU
		{6A6E23A9-25D8-4314-B219-463D91A99003}.Release|Any CPU.Build.0 = Release|Any CPU
		{59E679D1-5CBA-476A-BE7D-FDEA9AFE3564}.Debug|Any CPU.ActiveCfg = Debug|Any CPU
		{59E679D1-5CBA-476A-BE7D-FDEA9AFE3564}.Debug|Any CPU.Build.0 = Debug|Any CPU
		{59E679D1-5CBA-476A-BE7D-FDEA9AFE3564}.Release|Any CPU.ActiveCfg = Release|Any CPU
		{59E679D1-5CBA-476A-BE7D-FDEA9AFE3564}.Release|Any CPU.Build.0 = Release|Any CPU
		{B29A4961-AEA5-4999-B303-7757C46A385E}.Debug|Any CPU.ActiveCfg = Debug|Any CPU
		{B29A4961-AEA5-4999-B303-7757C46A385E}.Debug|Any CPU.Build.0 = Debug|Any CPU
		{B29A4961-AEA5-4999-B303-7757C46A385E}.Release|Any CPU.ActiveCfg = Release|Any CPU
		{B29A4961-AEA5-4999-B303-7757C46A385E}.Release|Any CPU.Build.0 = Release|Any CPU
		{27E73E47-F08F-41EE-99AA-FA041A424FB2}.Debug|Any CPU.ActiveCfg = Debug|Any CPU
		{27E73E47-F08F-41EE-99AA-FA041A424FB2}.Debug|Any CPU.Build.0 = Debug|Any CPU
		{27E73E47-F08F-41EE-99AA-FA041A424FB2}.Release|Any CPU.ActiveCfg = Release|Any CPU
		{27E73E47-F08F-41EE-99AA-FA041A424FB2}.Release|Any CPU.Build.0 = Release|Any CPU
		{FB6539EF-C78B-428D-8E75-7BF24ECA7141}.Debug|Any CPU.ActiveCfg = Debug|Any CPU
		{FB6539EF-C78B-428D-8E75-7BF24ECA7141}.Debug|Any CPU.Build.0 = Debug|Any CPU
		{FB6539EF-C78B-428D-8E75-7BF24ECA7141}.Release|Any CPU.ActiveCfg = Release|Any CPU
		{FB6539EF-C78B-428D-8E75-7BF24ECA7141}.Release|Any CPU.Build.0 = Release|Any CPU
		{E019EA52-1014-4018-87AA-8E9D2B98AB7F}.Debug|Any CPU.ActiveCfg = Debug|Any CPU
		{E019EA52-1014-4018-87AA-8E9D2B98AB7F}.Debug|Any CPU.Build.0 = Debug|Any CPU
		{E019EA52-1014-4018-87AA-8E9D2B98AB7F}.Release|Any CPU.ActiveCfg = Release|Any CPU
		{E019EA52-1014-4018-87AA-8E9D2B98AB7F}.Release|Any CPU.Build.0 = Release|Any CPU
		{DA7382F4-2F61-430C-AFC8-90D329C86342}.Debug|Any CPU.ActiveCfg = Debug|Any CPU
		{DA7382F4-2F61-430C-AFC8-90D329C86342}.Debug|Any CPU.Build.0 = Debug|Any CPU
		{DA7382F4-2F61-430C-AFC8-90D329C86342}.Release|Any CPU.ActiveCfg = Release|Any CPU
		{DA7382F4-2F61-430C-AFC8-90D329C86342}.Release|Any CPU.Build.0 = Release|Any CPU
	EndGlobalSection
	GlobalSection(SolutionProperties) = preSolution
		HideSolutionNode = FALSE
	EndGlobalSection
	GlobalSection(ExtensibilityGlobals) = postSolution
		SolutionGuid = {E16A0CF3-4729-434C-BF44-C9FF31858C7F}
	EndGlobalSection
EndGlobal
